
Microsoft Visual Studio Solution File, Format Version 12.00
# Visual Studio 2012
Project("{FAE04EC0-301F-11D3-BF4B-00C04F79EFBC}") = "Auth_PoC", "Auth_PoC\Auth_PoC.csproj", "{8B9A1D77-2763-4890-8C25-0A0C0DE19323}"
EndProject
Project("{FAE04EC0-301F-11D3-BF4B-00C04F79EFBC}") = "Auth_PoC_Tests", "Auth_PoC_Tests\Auth_PoC_Tests.csproj", "{A876B30E-98FF-4AA6-B9BC-2C29B0090BFC}"
EndProject
Global
	GlobalSection(SolutionConfigurationPlatforms) = preSolution
		Debug|Any CPU = Debug|Any CPU
		Release|Any CPU = Release|Any CPU
	EndGlobalSection
	GlobalSection(ProjectConfigurationPlatforms) = postSolution
		{8B9A1D77-2763-4890-8C25-0A0C0DE19323}.Debug|Any CPU.ActiveCfg = Debug|Any CPU
		{8B9A1D77-2763-4890-8C25-0A0C0DE19323}.Debug|Any CPU.Build.0 = Debug|Any CPU
		{8B9A1D77-2763-4890-8C25-0A0C0DE19323}.Release|Any CPU.ActiveCfg = Release|Any CPU
		{8B9A1D77-2763-4890-8C25-0A0C0DE19323}.Release|Any CPU.Build.0 = Release|Any CPU
		{A876B30E-98FF-4AA6-B9BC-2C29B0090BFC}.Debug|Any CPU.ActiveCfg = Debug|Any CPU
		{A876B30E-98FF-4AA6-B9BC-2C29B0090BFC}.Debug|Any CPU.Build.0 = Debug|Any CPU
		{A876B30E-98FF-4AA6-B9BC-2C29B0090BFC}.Release|Any CPU.ActiveCfg = Release|Any CPU
		{A876B30E-98FF-4AA6-B9BC-2C29B0090BFC}.Release|Any CPU.Build.0 = Release|Any CPU
	EndGlobalSection
EndGlobal
